schema: '2.0'
stages:
  data_ingestion:
    cmd:
    - python3 src/data_ingestion.py
    deps:
    - path: src/data_ingestion.py
      hash: md5
      md5: a4059562cf174c5f7deac1c14bdba565
      size: 2908
    outs:
    - path: data/raw
      hash: md5
      md5: 6a4d11ab83c20d7412f4696595c0b4d1.dir
      size: 479272
      nfiles: 2
  data_preprocess:
    cmd:
    - python3 src/data_preprocess.py
    deps:
    - path: data/raw
      hash: md5
      md5: 6a4d11ab83c20d7412f4696595c0b4d1.dir
      size: 479272
      nfiles: 2
    - path: src/data_preprocess.py
      hash: md5
      md5: a58c871e46fc11fef7079cfb5271a66b
      size: 3708
    outs:
    - path: data/interim
      hash: md5
      md5: d3f80ea917209a657caed01201ee2780.dir
      size: 254818
      nfiles: 2
  feature_eng:
    cmd:
    - python3 src/feature_eng.py
    deps:
    - path: data/interim
      hash: md5
      md5: d3f80ea917209a657caed01201ee2780.dir
      size: 254818
      nfiles: 2
    - path: src/feature_eng.py
      hash: md5
      md5: 4a423ad7b7e9e5e35476f629f707ce47
      size: 3113
    outs:
    - path: data/processed
      hash: md5
      md5: 7b800f3ef5911a14f39af9b874617e9c.dir
      size: 1174741
      nfiles: 2
  model_building:
    cmd:
    - python3 src/model_building.py
    deps:
    - path: data/processed
      hash: md5
      md5: 7b800f3ef5911a14f39af9b874617e9c.dir
      size: 1174741
      nfiles: 2
    - path: src/model_building.py
      hash: md5
      md5: 332cfbaecb1aa8577204d69cdacd6efc
      size: 3257
    outs:
    - path: models/model.pkl
      hash: md5
      md5: 8523fee740d9f1ddd98058f1b5f2467c
      size: 998489
  model_evaluation:
    cmd:
    - python3 src/model_evaluation.py
    deps:
    - path: models/model.pkl
      hash: md5
      md5: 8523fee740d9f1ddd98058f1b5f2467c
      size: 998489
    - path: src/model_evaluation.py
      hash: md5
      md5: 3ce41270b357a49b1b3ff96dd739c133
      size: 3448
    outs:
    - path: reports/metrics.json
      hash: md5
      md5: b5787b27ec5636c84a4468953782b599
      size: 140
