schema: '2.0'
stages:
  data_ingestion:
    cmd:
    - python3 src/data_ingestion.py
    deps:
    - path: src/data_ingestion.py
      hash: md5
      md5: 2a467836ecb82bc814e9e9900138f576
      size: 3574
    params:
      params.yaml:
        data_ingestion.test_size: 0.25
    outs:
    - path: data/raw
      hash: md5
      md5: ea483c1ec6438ed134abbb077e6bf258.dir
      size: 479272
      nfiles: 2
  data_preprocess:
    cmd:
    - python3 src/data_preprocess.py
    deps:
    - path: data/raw
      hash: md5
      md5: ea483c1ec6438ed134abbb077e6bf258.dir
      size: 479272
      nfiles: 2
    - path: src/data_preprocess.py
      hash: md5
      md5: a58c871e46fc11fef7079cfb5271a66b
      size: 3708
    outs:
    - path: data/interim
      hash: md5
      md5: c101c05da7d2c3c01faa316de93a39ac.dir
      size: 256164
      nfiles: 2
  feature_eng:
    cmd:
    - python3 src/feature_eng.py
    deps:
    - path: data/interim
      hash: md5
      md5: c101c05da7d2c3c01faa316de93a39ac.dir
      size: 256164
      nfiles: 2
    - path: src/feature_eng.py
      hash: md5
      md5: 70c8dd2023b9f1f9354bd62e64895aab
      size: 3794
    params:
      params.yaml:
        feature_eng.max_features: 50
    outs:
    - path: data/processed
      hash: md5
      md5: d9c310dd7ce43063f5af894bf045097f.dir
      size: 1178679
      nfiles: 2
  model_building:
    cmd:
    - python3 src/model_building.py
    deps:
    - path: data/processed
      hash: md5
      md5: d9c310dd7ce43063f5af894bf045097f.dir
      size: 1178679
      nfiles: 2
    - path: src/model_building.py
      hash: md5
      md5: 63c63e4e8da8b3e16ddb25ae5fb6eaf1
      size: 3881
    params:
      params.yaml:
        model_building.n_estimators: 25
        model_building.random_state: 2
    outs:
    - path: models/model.pkl
      hash: md5
      md5: cf2ce2c565566d56338aa33d20ea4b58
      size: 944249
  model_evaluation:
    cmd:
    - python3 src/model_evaluation.py
    deps:
    - path: models/model.pkl
      hash: md5
      md5: cf2ce2c565566d56338aa33d20ea4b58
      size: 944249
    - path: src/model_evaluation.py
      hash: md5
      md5: d878a19e2c78b084677a660c3fcf584c
      size: 4691
    outs:
    - path: reports/metrics.json
      hash: md5
      md5: ffa75500beed54b0ab141a3402aed950
      size: 129
